
Microsoft Visual Studio Solution File, Format Version 12.00
# Visual Studio Version 16
VisualStudioVersion = 16.0.30104.148
MinimumVisualStudioVersion = 10.0.40219.1
Project("{FAE04EC0-301F-11D3-BF4B-00C04F79EFBC}") = "Attribute", "Attribute_Demo\Attribute.csproj", "{05943F84-D921-4DE1-941D-9ED6DAB656A7}"
EndProject
Project("{FAE04EC0-301F-11D3-BF4B-00C04F79EFBC}") = "COM_Assemblies", "COM_Assemblies_Demo\COM_Assemblies.csproj", "{B4F39241-AE14-4C88-9BA0-0E5997EAC194}"
EndProject
Project("{FAE04EC0-301F-11D3-BF4B-00C04F79EFBC}") = "CSharpSyntax(8.0Feature)", "CSharpSyntax_Demo\CSharpSyntax(8.0Feature).csproj", "{A49934F0-09CF-4085-B53C-6B50D8074766}"
EndProject
Project("{FAE04EC0-301F-11D3-BF4B-00C04F79EFBC}") = "MultiThread", "MultiThread_Demo\MultiThread.csproj", "{9BFCEFB2-1DAC-42C5-B6CE-5D0643F026EC}"
EndProject
Project("{FAE04EC0-301F-11D3-BF4B-00C04F79EFBC}") = "SpinLock_", "Spinlock_Demo\SpinLock_.csproj", "{76F0AAD4-B17F-407E-A935-D656EE7E2C6D}"
EndProject
Project("{FAE04EC0-301F-11D3-BF4B-00C04F79EFBC}") = "ReaderWriterLock_2", "IO_Lock_Debug\ReaderWriterLock_2.csproj", "{6756D47B-8FFD-4EF8-8FEB-0F2A66852638}"
EndProject
Project("{FAE04EC0-301F-11D3-BF4B-00C04F79EFBC}") = "ReaderWriterLock_1", "ReaderWriterLock_Demo1\ReaderWriterLock_1.csproj", "{831C43B0-D85F-48FB-B1C5-40DDDDCA7408}"
EndProject
Project("{FAE04EC0-301F-11D3-BF4B-00C04F79EFBC}") = "Event_Delegate_Async_Callback", "WindowsFormsApp1\Event_Delegate_Async_Callback.csproj", "{7BFB0F83-C5C4-4355-98EE-657409A63490}"
EndProject
Project("{2150E333-8FDC-42A3-9474-1A3956D46DE8}") = "Locks", "Locks", "{E5EDADE8-CC96-4852-8718-CF05F4A0B36D}"
EndProject
Project("{2150E333-8FDC-42A3-9474-1A3956D46DE8}") = "MultiThreadDemo", "MultiThreadDemo", "{44127B77-3C6B-4B10-B5F9-A3C4B9EA4A90}"
EndProject
Project("{2150E333-8FDC-42A3-9474-1A3956D46DE8}") = "Concepts", "Concepts", "{B85F419F-F5FA-4D7C-8B86-067E6BE5B1D5}"
EndProject
Project("{2150E333-8FDC-42A3-9474-1A3956D46DE8}") = "Syntax", "Syntax", "{53041D2E-C082-48EF-AE1E-DA9D0EC78DC7}"
EndProject
Project("{2150E333-8FDC-42A3-9474-1A3956D46DE8}") = "DesignPatterns", "DesignPatterns", "{AF8F771A-FF6A-48ED-9074-9359C5CC9E53}"
EndProject
Project("{FAE04EC0-301F-11D3-BF4B-00C04F79EFBC}") = "ObserverPattern", "ObserverPattern\ObserverPattern.csproj", "{CCB0CE3D-330B-4917-94EF-B7620835D5E8}"
EndProject
Project("{FAE04EC0-301F-11D3-BF4B-00C04F79EFBC}") = "Generic", "Generic\Generic.csproj", "{ECDC8ADD-8294-46E4-B19F-E6046820C676}"
EndProject
Project("{FAE04EC0-301F-11D3-BF4B-00C04F79EFBC}") = "AsyncWindow", "AsyncWindow\AsyncWindow.csproj", "{C72B9CB3-45BF-45F6-99DA-378976154F45}"
EndProject
Project("{FAE04EC0-301F-11D3-BF4B-00C04F79EFBC}") = "AnonymousFunction", "AnonymousFunction\AnonymousFunction.csproj", "{49C432E2-4DA6-4BEF-9A9F-2A4E76E0A9BC}"
EndProject
Project("{FAE04EC0-301F-11D3-BF4B-00C04F79EFBC}") = "ReferenceType_ValueType", "ReferenceType_ValueType\ReferenceType_ValueType.csproj", "{5279B303-5A94-4673-A32A-ECEDDF5B1179}"
EndProject
Global
	GlobalSection(SolutionConfigurationPlatforms) = preSolution
		Debug|Any CPU = Debug|Any CPU
		Release|Any CPU = Release|Any CPU
	EndGlobalSection
	GlobalSection(ProjectConfigurationPlatforms) = postSolution
		{05943F84-D921-4DE1-941D-9ED6DAB656A7}.Debug|Any CPU.ActiveCfg = Debug|Any CPU
		{05943F84-D921-4DE1-941D-9ED6DAB656A7}.Debug|Any CPU.Build.0 = Debug|Any CPU
		{05943F84-D921-4DE1-941D-9ED6DAB656A7}.Release|Any CPU.ActiveCfg = Release|Any CPU
		{05943F84-D921-4DE1-941D-9ED6DAB656A7}.Release|Any CPU.Build.0 = Release|Any CPU
		{B4F39241-AE14-4C88-9BA0-0E5997EAC194}.Debug|Any CPU.ActiveCfg = Debug|Any CPU
		{B4F39241-AE14-4C88-9BA0-0E5997EAC194}.Debug|Any CPU.Build.0 = Debug|Any CPU
		{B4F39241-AE14-4C88-9BA0-0E5997EAC194}.Release|Any CPU.ActiveCfg = Release|Any CPU
		{B4F39241-AE14-4C88-9BA0-0E5997EAC194}.Release|Any CPU.Build.0 = Release|Any CPU
		{A49934F0-09CF-4085-B53C-6B50D8074766}.Debug|Any CPU.ActiveCfg = Debug|Any CPU
		{A49934F0-09CF-4085-B53C-6B50D8074766}.Debug|Any CPU.Build.0 = Debug|Any CPU
		{A49934F0-09CF-4085-B53C-6B50D8074766}.Release|Any CPU.ActiveCfg = Release|Any CPU
		{A49934F0-09CF-4085-B53C-6B50D8074766}.Release|Any CPU.Build.0 = Release|Any CPU
		{9BFCEFB2-1DAC-42C5-B6CE-5D0643F026EC}.Debug|Any CPU.ActiveCfg = Debug|Any CPU
		{9BFCEFB2-1DAC-42C5-B6CE-5D0643F026EC}.Debug|Any CPU.Build.0 = Debug|Any CPU
		{9BFCEFB2-1DAC-42C5-B6CE-5D0643F026EC}.Release|Any CPU.ActiveCfg = Release|Any CPU
		{9BFCEFB2-1DAC-42C5-B6CE-5D0643F026EC}.Release|Any CPU.Build.0 = Release|Any CPU
		{76F0AAD4-B17F-407E-A935-D656EE7E2C6D}.Debug|Any CPU.ActiveCfg = Debug|Any CPU
		{76F0AAD4-B17F-407E-A935-D656EE7E2C6D}.Debug|Any CPU.Build.0 = Debug|Any CPU
		{76F0AAD4-B17F-407E-A935-D656EE7E2C6D}.Release|Any CPU.ActiveCfg = Release|Any CPU
		{76F0AAD4-B17F-407E-A935-D656EE7E2C6D}.Release|Any CPU.Build.0 = Release|Any CPU
		{6756D47B-8FFD-4EF8-8FEB-0F2A66852638}.Debug|Any CPU.ActiveCfg = Debug|Any CPU
		{6756D47B-8FFD-4EF8-8FEB-0F2A66852638}.Debug|Any CPU.Build.0 = Debug|Any CPU
		{6756D47B-8FFD-4EF8-8FEB-0F2A66852638}.Release|Any CPU.ActiveCfg = Release|Any CPU
		{6756D47B-8FFD-4EF8-8FEB-0F2A66852638}.Release|Any CPU.Build.0 = Release|Any CPU
		{831C43B0-D85F-48FB-B1C5-40DDDDCA7408}.Debug|Any CPU.ActiveCfg = Debug|Any CPU
		{831C43B0-D85F-48FB-B1C5-40DDDDCA7408}.Debug|Any CPU.Build.0 = Debug|Any CPU
		{831C43B0-D85F-48FB-B1C5-40DDDDCA7408}.Release|Any CPU.ActiveCfg = Release|Any CPU
		{831C43B0-D85F-48FB-B1C5-40DDDDCA7408}.Release|Any CPU.Build.0 = Release|Any CPU
		{7BFB0F83-C5C4-4355-98EE-657409A63490}.Debug|Any CPU.ActiveCfg = Debug|Any CPU
		{7BFB0F83-C5C4-4355-98EE-657409A63490}.Debug|Any CPU.Build.0 = Debug|Any CPU
		{7BFB0F83-C5C4-4355-98EE-657409A63490}.Release|Any CPU.ActiveCfg = Release|Any CPU
		{7BFB0F83-C5C4-4355-98EE-657409A63490}.Release|Any CPU.Build.0 = Release|Any CPU
		{CCB0CE3D-330B-4917-94EF-B7620835D5E8}.Debug|Any CPU.ActiveCfg = Debug|Any CPU
		{CCB0CE3D-330B-4917-94EF-B7620835D5E8}.Debug|Any CPU.Build.0 = Debug|Any CPU
		{CCB0CE3D-330B-4917-94EF-B7620835D5E8}.Release|Any CPU.ActiveCfg = Release|Any CPU
		{CCB0CE3D-330B-4917-94EF-B7620835D5E8}.Release|Any CPU.Build.0 = Release|Any CPU
		{ECDC8ADD-8294-46E4-B19F-E6046820C676}.Debug|Any CPU.ActiveCfg = Debug|Any CPU
		{ECDC8ADD-8294-46E4-B19F-E6046820C676}.Debug|Any CPU.Build.0 = Debug|Any CPU
		{ECDC8ADD-8294-46E4-B19F-E6046820C676}.Release|Any CPU.ActiveCfg = Release|Any CPU
		{ECDC8ADD-8294-46E4-B19F-E6046820C676}.Release|Any CPU.Build.0 = Release|Any CPU
		{C72B9CB3-45BF-45F6-99DA-378976154F45}.Debug|Any CPU.ActiveCfg = Debug|Any CPU
		{C72B9CB3-45BF-45F6-99DA-378976154F45}.Debug|Any CPU.Build.0 = Debug|Any CPU
		{C72B9CB3-45BF-45F6-99DA-378976154F45}.Release|Any CPU.ActiveCfg = Release|Any CPU
		{C72B9CB3-45BF-45F6-99DA-378976154F45}.Release|Any CPU.Build.0 = Release|Any CPU
		{49C432E2-4DA6-4BEF-9A9F-2A4E76E0A9BC}.Debug|Any CPU.ActiveCfg = Debug|Any CPU
		{49C432E2-4DA6-4BEF-9A9F-2A4E76E0A9BC}.Debug|Any CPU.Build.0 = Debug|Any CPU
		{49C432E2-4DA6-4BEF-9A9F-2A4E76E0A9BC}.Release|Any CPU.ActiveCfg = Release|Any CPU
		{49C432E2-4DA6-4BEF-9A9F-2A4E76E0A9BC}.Release|Any CPU.Build.0 = Release|Any CPU
		{5279B303-5A94-4673-A32A-ECEDDF5B1179}.Debug|Any CPU.ActiveCfg = Debug|Any CPU
		{5279B303-5A94-4673-A32A-ECEDDF5B1179}.Debug|Any CPU.Build.0 = Debug|Any CPU
		{5279B303-5A94-4673-A32A-ECEDDF5B1179}.Release|Any CPU.ActiveCfg = Release|Any CPU
		{5279B303-5A94-4673-A32A-ECEDDF5B1179}.Release|Any CPU.Build.0 = Release|Any CPU
	EndGlobalSection
	GlobalSection(SolutionProperties) = preSolution
		HideSolutionNode = FALSE
	EndGlobalSection
	GlobalSection(NestedProjects) = preSolution
		{05943F84-D921-4DE1-941D-9ED6DAB656A7} = {B85F419F-F5FA-4D7C-8B86-067E6BE5B1D5}
		{B4F39241-AE14-4C88-9BA0-0E5997EAC194} = {B85F419F-F5FA-4D7C-8B86-067E6BE5B1D5}
		{A49934F0-09CF-4085-B53C-6B50D8074766} = {53041D2E-C082-48EF-AE1E-DA9D0EC78DC7}
		{9BFCEFB2-1DAC-42C5-B6CE-5D0643F026EC} = {44127B77-3C6B-4B10-B5F9-A3C4B9EA4A90}
		{76F0AAD4-B17F-407E-A935-D656EE7E2C6D} = {E5EDADE8-CC96-4852-8718-CF05F4A0B36D}
		{6756D47B-8FFD-4EF8-8FEB-0F2A66852638} = {E5EDADE8-CC96-4852-8718-CF05F4A0B36D}
		{831C43B0-D85F-48FB-B1C5-40DDDDCA7408} = {E5EDADE8-CC96-4852-8718-CF05F4A0B36D}
		{7BFB0F83-C5C4-4355-98EE-657409A63490} = {44127B77-3C6B-4B10-B5F9-A3C4B9EA4A90}
		{CCB0CE3D-330B-4917-94EF-B7620835D5E8} = {AF8F771A-FF6A-48ED-9074-9359C5CC9E53}
		{ECDC8ADD-8294-46E4-B19F-E6046820C676} = {53041D2E-C082-48EF-AE1E-DA9D0EC78DC7}
		{C72B9CB3-45BF-45F6-99DA-378976154F45} = {53041D2E-C082-48EF-AE1E-DA9D0EC78DC7}
		{49C432E2-4DA6-4BEF-9A9F-2A4E76E0A9BC} = {53041D2E-C082-48EF-AE1E-DA9D0EC78DC7}
		{5279B303-5A94-4673-A32A-ECEDDF5B1179} = {53041D2E-C082-48EF-AE1E-DA9D0EC78DC7}
	EndGlobalSection
	GlobalSection(ExtensibilityGlobals) = postSolution
		SolutionGuid = {06DC8B65-1CEC-402F-A741-5556BC85740B}
	EndGlobalSection
EndGlobal
